
Microsoft Visual Studio Solution File, Format Version 12.00
# Visual Studio 15
VisualStudioVersion = 15.0.28010.2046
MinimumVisualStudioVersion = 10.0.40219.1
Project("{9A19103F-16F7-4668-BE54-9A1E7A4F7556}") = "SFPG.DateTimeExtensions", "SFPG.DateTimeExtensions\SFPG.DateTimeExtensions.csproj", "{07663019-7244-4175-B7D0-38530776A878}"
EndProject
Project("{FAE04EC0-301F-11D3-BF4B-00C04F79EFBC}") = "SFPG.DateTimeExtensions.UnitTests", "SFPG.DateTimeExtensions.UnitTests\SFPG.DateTimeExtensions.UnitTests.csproj", "{F35C1A82-3982-4CE8-BD39-16004165C7D3}"
EndProject
Global
	GlobalSection(SolutionConfigurationPlatforms) = preSolution
		Debug|Any CPU = Debug|Any CPU
		Release|Any CPU = Release|Any CPU
	EndGlobalSection
	GlobalSection(ProjectConfigurationPlatforms) = postSolution
		{07663019-7244-4175-B7D0-38530776A878}.Debug|Any CPU.ActiveCfg = Debug|Any CPU
		{07663019-7244-4175-B7D0-38530776A878}.Debug|Any CPU.Build.0 = Debug|Any CPU
		{07663019-7244-4175-B7D0-38530776A878}.Release|Any CPU.ActiveCfg = Release|Any CPU
		{07663019-7244-4175-B7D0-38530776A878}.Release|Any CPU.Build.0 = Release|Any CPU
		{F35C1A82-3982-4CE8-BD39-16004165C7D3}.Debug|Any CPU.ActiveCfg = Debug|Any CPU
		{F35C1A82-3982-4CE8-BD39-16004165C7D3}.Debug|Any CPU.Build.0 = Debug|Any CPU
		{F35C1A82-3982-4CE8-BD39-16004165C7D3}.Release|Any CPU.ActiveCfg = Release|Any CPU
		{F35C1A82-3982-4CE8-BD39-16004165C7D3}.Release|Any CPU.Build.0 = Release|Any CPU
	EndGlobalSection
	GlobalSection(SolutionProperties) = preSolution
		HideSolutionNode = FALSE
	EndGlobalSection
	GlobalSection(ExtensibilityGlobals) = postSolution
		SolutionGuid = {FBD596F6-E146-46CF-B833-A60592B70CDD}
	EndGlobalSection
EndGlobal
